PODS:
  - AFNetworking (3.2.1):
    - AFNetworking/NSURLSession (= 3.2.1)
    - AFNetworking/Reachability (= 3.2.1)
    - AFNetworking/Security (= 3.2.1)
    - AFNetworking/Serialization (= 3.2.1)
    - AFNetworking/UIKit (= 3.2.1)
  - AFNetworking/NSURLSession (3.2.1):
    - AFNetworking/Reachability
    - AFNetworking/Security
    - AFNetworking/Serialization
  - AFNetworking/Reachability (3.2.1)
  - AFNetworking/Security (3.2.1)
  - AFNetworking/Serialization (3.2.1)
  - AFNetworking/UIKit (3.2.1):
    - AFNetworking/NSURLSession
  - Crashlytics (3.8.4):
    - Fabric (~> 1.6.3)
  - Fabric (1.6.11)
  - FLAnimatedImage (1.0.12)
  - HappyDNS (0.3.14)
  - Masonry (1.0.2)
  - PLPlayerKit (3.3.1):
    - PLPlayerKit/iphoneos (= 3.3.1)
  - PLPlayerKit/iphoneos (3.3.1)
  - PLShortVideoKit (1.13.1):
    - PLShortVideoKit/ex-libMuseProcessor (= 1.13.1)
    - PLShortVideoKit/libMuseProcessor (= 1.13.1)
    - Qiniu (~> 7.1)
  - PLShortVideoKit/ex-libMuseProcessor (1.13.1):
    - Qiniu (~> 7.1)
  - PLShortVideoKit/libMuseProcessor (1.13.1):
    - Qiniu (~> 7.1)
  - Qiniu (7.1.7):
    - AFNetworking (~> 3)
    - HappyDNS (~> 0.3)

DEPENDENCIES:
  - Crashlytics (= 3.8.4)
  - Fabric (= 1.6.11)
  - FLAnimatedImage (= 1.0.12)
  - Masonry (= 1.0.2)
  - PLPlayerKit (= 3.3.1)
  - PLShortVideoKit (from `../`)
  - Qiniu (= 7.1.7)

SPEC REPOS:
  https://github.com/cocoapods/specs.git:
    - AFNetworking
    - Crashlytics
    - Fabric
    - FLAnimatedImage
    - HappyDNS
    - Masonry
    - PLPlayerKit
    - Qiniu

EXTERNAL SOURCES:
  PLShortVideoKit:
    :path: "../"

SPEC CHECKSUMS:
  AFNetworking: b6f891fdfaed196b46c7a83cf209e09697b94057
  Crashlytics: 79e236942ca1e7fc641df1feb9a275360a78ab6a
  Fabric: 5911403591946b8228ab1c51d98f1d7137e863c6
  FLAnimatedImage: 4a0b56255d9b05f18b6dd7ee06871be5d3b89e31
  HappyDNS: dc6a164ee81979093123c241c6353bcf0218add6
  Masonry: 7c429b56da9d4ee0bbb3ed77a5ea710d6a5df39e
  PLPlayerKit: 63a9c6a7661f497591c84121e854e8e6ac003256
  PLShortVideoKit: 8433ff070650e1e8ee67a7270320d0b458097e56
  Qiniu: 56ea8b9d785326e45e3a6fdd45bdbc84f78d0eff

PODFILE CHECKSUM: 52b7da48e404d168c557854032f9219299df1326

COCOAPODS: 1.5.3
