PODS:
  - Crashlytics (3.8.4):
    - Fabric (~> 1.6.3)
  - Fabric (1.6.11)
  - FLAnimatedImage (1.0.12)
  - HappyDNS (0.3.15)
  - Masonry (1.0.2)
  - PLShortVideoKit (3.1.1):
    - PLShortVideoKit/ex-libMuseProcessor (= 3.1.1)
    - PLShortVideoKit/libMuseProcessor (= 3.1.1)
    - Qiniu (= 7.2.5)
  - PLShortVideoKit/ex-libMuseProcessor (3.1.1):
    - Qiniu (= 7.2.5)
  - PLShortVideoKit/libMuseProcessor (3.1.1):
    - Qiniu (= 7.2.5)
  - Qiniu (7.2.5):
    - HappyDNS (~> 0.3)

DEPENDENCIES:
  - Crashlytics (= 3.8.4)
  - Fabric (= 1.6.11)
  - FLAnimatedImage (= 1.0.12)
  - Masonry (= 1.0.2)
  - PLShortVideoKit (from `../`)
  - Qiniu (= 7.2.5)

SPEC REPOS:
  https://github.com/cocoapods/specs.git:
    - Crashlytics
    - Fabric
    - FLAnimatedImage
    - HappyDNS
    - Masonry
    - Qiniu

EXTERNAL SOURCES:
  PLShortVideoKit:
    :path: "../"

SPEC CHECKSUMS:
  Crashlytics: 79e236942ca1e7fc641df1feb9a275360a78ab6a
  Fabric: 5911403591946b8228ab1c51d98f1d7137e863c6
  FLAnimatedImage: 4a0b56255d9b05f18b6dd7ee06871be5d3b89e31
  HappyDNS: 00c15e651a347206e58a20503a32a5564589b56a
  Masonry: 7c429b56da9d4ee0bbb3ed77a5ea710d6a5df39e
  PLShortVideoKit: b74189c13cf31b294523babd0d55d950a4ff9ac7
  Qiniu: 909b408ee489ea54827e9717be90b94bc9dfbc48

PODFILE CHECKSUM: 464a1d9cdafee0a2337603af681aa59f2814b116

COCOAPODS: 1.7.2
